// !$*UTF8*$!
{
	archiveVersion = 1;
	classes = {
	};
	objectVersion = 46;
	objects = {

/* Begin PBXBuildFile section */
		7B9D662D1F236CE50027B7A1 /* AppDelegate.swift in Sources */ = {isa = PBXBuildFile; fileRef = 7B9D662C1F236CE50027B7A1 /* AppDelegate.swift */; };
		7B9D662F1F236CE50027B7A1 /* ViewController.swift in Sources */ = {isa = PBXBuildFile; fileRef = 7B9D662E1F236CE50027B7A1 /* ViewController.swift */; };
		7B9D66321F236CE50027B7A1 /* Main.storyboard in Resources */ = {isa = PBXBuildFile; fileRef = 7B9D66301F236CE50027B7A1 /* Main.storyboard */; };
		7B9D66341F236CE50027B7A1 /* Assets.xcassets in Resources */ = {isa = PBXBuildFile; fileRef = 7B9D66331F236CE50027B7A1 /* Assets.xcassets */; };
		7B9D66371F236CE50027B7A1 /* LaunchScreen.storyboard in Resources */ = {isa = PBXBuildFile; fileRef = 7B9D66351F236CE50027B7A1 /* LaunchScreen.storyboard */; };
		7B9D66421F236CE60027B7A1 /* HangmanTests.swift in Sources */ = {isa = PBXBuildFile; fileRef = 7B9D66411F236CE60027B7A1 /* HangmanTests.swift */; };
		7B9D664D1F236CE60027B7A1 /* HangmanUITests.swift in Sources */ = {isa = PBXBuildFile; fileRef = 7B9D664C1F236CE60027B7A1 /* HangmanUITests.swift */; };
		7B9D665B1F23BDEC0027B7A1 /* Hangman_View.swift in Sources */ = {isa = PBXBuildFile; fileRef = 7B9D665A1F23BDEC0027B7A1 /* Hangman_View.swift */; };
		7BA077E31F269CEE00D81143 /* CharacterLabel.swift in Sources */ = {isa = PBXBuildFile; fileRef = 7BA077E21F269CEE00D81143 /* CharacterLabel.swift */; };
/* End PBXBuildFile section */

/* Begin PBXContainerItemProxy section */
		7B9D663E1F236CE60027B7A1 /* PBXContainerItemProxy */ = {
			isa = PBXContainerItemProxy;
			containerPortal = 7B9D66211F236CE50027B7A1 /* Project object */;
			proxyType = 1;
			remoteGlobalIDString = 7B9D66281F236CE50027B7A1;
			remoteInfo = Hangman;
		};
		7B9D66491F236CE60027B7A1 /* PBXContainerItemProxy */ = {
			isa = PBXContainerItemProxy;
			containerPortal = 7B9D66211F236CE50027B7A1 /* Project object */;
			proxyType = 1;
			remoteGlobalIDString = 7B9D66281F236CE50027B7A1;
			remoteInfo = Hangman;
		};
/* End PBXContainerItemProxy section */

/* Begin PBXFileReference section */
		7B9D66291F236CE50027B7A1 /* Hangman.app */ = {isa = PBXFileReference; explicitFileType = wrapper.application; includeInIndex = 0; path = Hangman.app; sourceTree = BUILT_PRODUCTS_DIR; };
		7B9D662C1F236CE50027B7A1 /* AppDelegate.swift */ = {isa = PBXFileReference; lastKnownFileType = sourcecode.swift; path = AppDelegate.swift; sourceTree = "<group>"; };
		7B9D662E1F236CE50027B7A1 /* ViewController.swift */ = {isa = PBXFileReference; lastKnownFileType = sourcecode.swift; path = ViewController.swift; sourceTree = "<group>"; };
		7B9D66311F236CE50027B7A1 /* Base */ = {isa = PBXFileReference; lastKnownFileType = file.storyboard; name = Base; path = Base.lproj/Main.storyboard; sourceTree = "<group>"; };
		7B9D66331F236CE50027B7A1 /* Assets.xcassets */ = {isa = PBXFileReference; lastKnownFileType = folder.assetcatalog; path = Assets.xcassets; sourceTree = "<group>"; };
		7B9D66361F236CE50027B7A1 /* Base */ = {isa = PBXFileReference; lastKnownFileType = file.storyboard; name = Base; path = Base.lproj/LaunchScreen.storyboard; sourceTree = "<group>"; };
		7B9D66381F236CE50027B7A1 /* Info.plist */ = {isa = PBXFileReference; lastKnownFileType = text.plist.xml; path = Info.plist; sourceTree = "<group>"; };
		7B9D663D1F236CE60027B7A1 /* HangmanTests.xctest */ = {isa = PBXFileReference; explicitFileType = wrapper.cfbundle; includeInIndex = 0; path = HangmanTests.xctest; sourceTree = BUILT_PRODUCTS_DIR; };
		7B9D66411F236CE60027B7A1 /* HangmanTests.swift */ = {isa = PBXFileReference; lastKnownFileType = sourcecode.swift; path = HangmanTests.swift; sourceTree = "<group>"; };
		7B9D66431F236CE60027B7A1 /* Info.plist */ = {isa = PBXFileReference; lastKnownFileType = text.plist.xml; path = Info.plist; sourceTree = "<group>"; };
		7B9D66481F236CE60027B7A1 /* HangmanUITests.xctest */ = {isa = PBXFileReference; explicitFileType = wrapper.cfbundle; includeInIndex = 0; path = HangmanUITests.xctest; sourceTree = BUILT_PRODUCTS_DIR; };
		7B9D664C1F236CE60027B7A1 /* HangmanUITests.swift */ = {isa = PBXFileReference; lastKnownFileType = sourcecode.swift; path = HangmanUITests.swift; sourceTree = "<group>"; };
		7B9D664E1F236CE60027B7A1 /* Info.plist */ = {isa = PBXFileReference; lastKnownFileType = text.plist.xml; path = Info.plist; sourceTree = "<group>"; };
		7B9D665A1F23BDEC0027B7A1 /* Hangman_View.swift */ = {isa = PBXFileReference; fileEncoding = 4; lastKnownFileType = sourcecode.swift; path = Hangman_View.swift; sourceTree = "<group>"; };
		7BA077E21F269CEE00D81143 /* CharacterLabel.swift */ = {isa = PBXFileReference; fileEncoding = 4; lastKnownFileType = sourcecode.swift; name = CharacterLabel.swift; path = ../CharacterLabel.swift; sourceTree = "<group>"; };
/* End PBXFileReference section */

/* Begin PBXFrameworksBuildPhase section */
		7B9D66261F236CE50027B7A1 /* Frameworks */ = {
			isa = PBXFrameworksBuildPhase;
			buildActionMask = 2147483647;
			files = (
			);
			runOnlyForDeploymentPostprocessing = 0;
		};
		7B9D663A1F236CE60027B7A1 /* Frameworks */ = {
			isa = PBXFrameworksBuildPhase;
			buildActionMask = 2147483647;
			files = (
			);
			runOnlyForDeploymentPostprocessing = 0;
		};
		7B9D66451F236CE60027B7A1 /* Frameworks */ = {
			isa = PBXFrameworksBuildPhase;
			buildActionMask = 2147483647;
			files = (
			);
			runOnlyForDeploymentPostprocessing = 0;
		};
/* End PBXFrameworksBuildPhase section */

/* Begin PBXGroup section */
		7B9D66201F236CE50027B7A1 = {
			isa = PBXGroup;
			children = (
				7B9D662B1F236CE50027B7A1 /* Hangman */,
				7B9D66401F236CE60027B7A1 /* HangmanTests */,
				7B9D664B1F236CE60027B7A1 /* HangmanUITests */,
				7B9D662A1F236CE50027B7A1 /* Products */,
			);
			sourceTree = "<group>";
		};
		7B9D662A1F236CE50027B7A1 /* Products */ = {
			isa = PBXGroup;
			children = (
				7B9D66291F236CE50027B7A1 /* Hangman.app */,
				7B9D663D1F236CE60027B7A1 /* HangmanTests.xctest */,
				7B9D66481F236CE60027B7A1 /* HangmanUITests.xctest */,
			);
			name = Products;
			sourceTree = "<group>";
		};
		7B9D662B1F236CE50027B7A1 /* Hangman */ = {
			isa = PBXGroup;
			children = (
				7B9D662C1F236CE50027B7A1 /* AppDelegate.swift */,
				7B9D662E1F236CE50027B7A1 /* ViewController.swift */,
				7B9D665A1F23BDEC0027B7A1 /* Hangman_View.swift */,
				7BA077E21F269CEE00D81143 /* CharacterLabel.swift */,
				7B9D66301F236CE50027B7A1 /* Main.storyboard */,
				7B9D66331F236CE50027B7A1 /* Assets.xcassets */,
				7B9D66351F236CE50027B7A1 /* LaunchScreen.storyboard */,
				7B9D66381F236CE50027B7A1 /* Info.plist */,
			);
			path = Hangman;
			sourceTree = "<group>";
		};
		7B9D66401F236CE60027B7A1 /* HangmanTests */ = {
			isa = PBXGroup;
			children = (
				7B9D66411F236CE60027B7A1 /* HangmanTests.swift */,
				7B9D66431F236CE60027B7A1 /* Info.plist */,
			);
			path = HangmanTests;
			sourceTree = "<group>";
		};
		7B9D664B1F236CE60027B7A1 /* HangmanUITests */ = {
			isa = PBXGroup;
			children = (
				7B9D664C1F236CE60027B7A1 /* HangmanUITests.swift */,
				7B9D664E1F236CE60027B7A1 /* Info.plist */,
			);
			path = HangmanUITests;
			sourceTree = "<group>";
		};
/* End PBXGroup section */

/* Begin PBXNativeTarget section */
		7B9D66281F236CE50027B7A1 /* Hangman */ = {
			isa = PBXNativeTarget;
			buildConfigurationList = 7B9D66511F236CE60027B7A1 /* Build configuration list for PBXNativeTarget "Hangman" */;
			buildPhases = (
				7B9D66251F236CE50027B7A1 /* Sources */,
				7B9D66261F236CE50027B7A1 /* Frameworks */,
				7B9D66271F236CE50027B7A1 /* Resources */,
			);
			buildRules = (
			);
			dependencies = (
			);
			name = Hangman;
			productName = Hangman;
			productReference = 7B9D66291F236CE50027B7A1 /* Hangman.app */;
			productType = "com.apple.product-type.application";
		};
		7B9D663C1F236CE60027B7A1 /* HangmanTests */ = {
			isa = PBXNativeTarget;
			buildConfigurationList = 7B9D66541F236CE60027B7A1 /* Build configuration list for PBXNativeTarget "HangmanTests" */;
			buildPhases = (
				7B9D66391F236CE60027B7A1 /* Sources */,
				7B9D663A1F236CE60027B7A1 /* Frameworks */,
				7B9D663B1F236CE60027B7A1 /* Resources */,
			);
			buildRules = (
			);
			dependencies = (
				7B9D663F1F236CE60027B7A1 /* PBXTargetDependency */,
			);
			name = HangmanTests;
			productName = HangmanTests;
			productReference = 7B9D663D1F236CE60027B7A1 /* HangmanTests.xctest */;
			productType = "com.apple.product-type.bundle.unit-test";
		};
		7B9D66471F236CE60027B7A1 /* HangmanUITests */ = {
			isa = PBXNativeTarget;
			buildConfigurationList = 7B9D66571F236CE60027B7A1 /* Build configuration list for PBXNativeTarget "HangmanUITests" */;
			buildPhases = (
				7B9D66441F236CE60027B7A1 /* Sources */,
				7B9D66451F236CE60027B7A1 /* Frameworks */,
				7B9D66461F236CE60027B7A1 /* Resources */,
			);
			buildRules = (
			);
			dependencies = (
				7B9D664A1F236CE60027B7A1 /* PBXTargetDependency */,
			);
			name = HangmanUITests;
			productName = HangmanUITests;
			productReference = 7B9D66481F236CE60027B7A1 /* HangmanUITests.xctest */;
			productType = "com.apple.product-type.bundle.ui-testing";
		};
/* End PBXNativeTarget section */

/* Begin PBXProject section */
		7B9D66211F236CE50027B7A1 /* Project object */ = {
			isa = PBXProject;
			attributes = {
				LastSwiftUpdateCheck = 0830;
				LastUpgradeCheck = 0830;
				ORGANIZATIONNAME = "Daniel Hjärtström";
				TargetAttributes = {
					7B9D66281F236CE50027B7A1 = {
						CreatedOnToolsVersion = 8.3.3;
						DevelopmentTeam = 6ZL797GF7H;
						ProvisioningStyle = Automatic;
					};
					7B9D663C1F236CE60027B7A1 = {
						CreatedOnToolsVersion = 8.3.3;
						DevelopmentTeam = 6ZL797GF7H;
						ProvisioningStyle = Automatic;
						TestTargetID = 7B9D66281F236CE50027B7A1;
					};
					7B9D66471F236CE60027B7A1 = {
						CreatedOnToolsVersion = 8.3.3;
						DevelopmentTeam = 6ZL797GF7H;
						ProvisioningStyle = Automatic;
						TestTargetID = 7B9D66281F236CE50027B7A1;
					};
				};
			};
			buildConfigurationList = 7B9D66241F236CE50027B7A1 /* Build configuration list for PBXProject "Hangman" */;
			compatibilityVersion = "Xcode 3.2";
			developmentRegion = English;
			hasScannedForEncodings = 0;
			knownRegions = (
				en,
				Base,
			);
			mainGroup = 7B9D66201F236CE50027B7A1;
			productRefGroup = 7B9D662A1F236CE50027B7A1 /* Products */;
			projectDirPath = "";
			projectRoot = "";
			targets = (
				7B9D66281F236CE50027B7A1 /* Hangman */,
				7B9D663C1F236CE60027B7A1 /* HangmanTests */,
				7B9D66471F236CE60027B7A1 /* HangmanUITests */,
			);
		};
/* End PBXProject section */

/* Begin PBXResourcesBuildPhase section */
		7B9D66271F236CE50027B7A1 /* Resources */ = {
			isa = PBXResourcesBuildPhase;
			buildActionMask = 2147483647;
			files = (
				7B9D66371F236CE50027B7A1 /* LaunchScreen.storyboard in Resources */,
				7B9D66341F236CE50027B7A1 /* Assets.xcassets in Resources */,
				7B9D66321F236CE50027B7A1 /* Main.storyboard in Resources */,
			);
			runOnlyForDeploymentPostprocessing = 0;
		};
		7B9D663B1F236CE60027B7A1 /* Resources */ = {
			isa = PBXResourcesBuildPhase;
			buildActionMask = 2147483647;
			files = (
			);
			runOnlyForDeploymentPostprocessing = 0;
		};
		7B9D66461F236CE60027B7A1 /* Resources */ = {
			isa = PBXResourcesBuildPhase;
			buildActionMask = 2147483647;
			files = (
			);
			runOnlyForDeploymentPostprocessing = 0;
		};
/* End PBXResourcesBuildPhase section */

/* Begin PBXSourcesBuildPhase section */
		7B9D66251F236CE50027B7A1 /* Sources */ = {
			isa = PBXSourcesBuildPhase;
			buildActionMask = 2147483647;
			files = (
				7BA077E31F269CEE00D81143 /* CharacterLabel.swift in Sources */,
				7B9D662F1F236CE50027B7A1 /* ViewController.swift in Sources */,
				7B9D665B1F23BDEC0027B7A1 /* Hangman_View.swift in Sources */,
				7B9D662D1F236CE50027B7A1 /* AppDelegate.swift in Sources */,
			);
			runOnlyForDeploymentPostprocessing = 0;
		};
		7B9D66391F236CE60027B7A1 /* Sources */ = {
			isa = PBXSourcesBuildPhase;
			buildActionMask = 2147483647;
			files = (
				7B9D66421F236CE60027B7A1 /* HangmanTests.swift in Sources */,
			);
			runOnlyForDeploymentPostprocessing = 0;
		};
		7B9D66441F236CE60027B7A1 /* Sources */ = {
			isa = PBXSourcesBuildPhase;
			buildActionMask = 2147483647;
			files = (
				7B9D664D1F236CE60027B7A1 /* HangmanUITests.swift in Sources */,
			);
			runOnlyForDeploymentPostprocessing = 0;
		};
/* End PBXSourcesBuildPhase section */

/* Begin PBXTargetDependency section */
		7B9D663F1F236CE60027B7A1 /* PBXTargetDependency */ = {
			isa = PBXTargetDependency;
			target = 7B9D66281F236CE50027B7A1 /* Hangman */;
			targetProxy = 7B9D663E1F236CE60027B7A1 /* PBXContainerItemProxy */;
		};
		7B9D664A1F236CE60027B7A1 /* PBXTargetDependency */ = {
			isa = PBXTargetDependency;
			target = 7B9D66281F236CE50027B7A1 /* Hangman */;
			targetProxy = 7B9D66491F236CE60027B7A1 /* PBXContainerItemProxy */;
		};
/* End PBXTargetDependency section */

/* Begin PBXVariantGroup section */
		7B9D66301F236CE50027B7A1 /* Main.storyboard */ = {
			isa = PBXVariantGroup;
			children = (
				7B9D66311F236CE50027B7A1 /* Base */,
			);
			name = Main.storyboard;
			sourceTree = "<group>";
		};
		7B9D66351F236CE50027B7A1 /* LaunchScreen.storyboard */ = {
			isa = PBXVariantGroup;
			children = (
				7B9D66361F236CE50027B7A1 /* Base */,
			);
			name = LaunchScreen.storyboard;
			sourceTree = "<group>";
		};
/* End PBXVariantGroup section */

/* Begin XCBuildConfiguration section */
		7B9D664F1F236CE60027B7A1 /* Debug */ = {
			isa = XCBuildConfiguration;
			buildSettings = {
				ALWAYS_SEARCH_USER_PATHS = NO;
				CLANG_ANALYZER_NONNULL = YES;
				CLANG_ANALYZER_NUMBER_OBJECT_CONVERSION = YES_AGGRESSIVE;
				CLANG_CXX_LANGUAGE_STANDARD = "gnu++0x";
				CLANG_CXX_LIBRARY = "libc++";
				CLANG_ENABLE_MODULES = YES;
				CLANG_ENABLE_OBJC_ARC = YES;
				CLANG_WARN_BOOL_CONVERSION = YES;
				CLANG_WARN_CONSTANT_CONVERSION = YES;
				CLANG_WARN_DIRECT_OBJC_ISA_USAGE = YES_ERROR;
				CLANG_WARN_DOCUMENTATION_COMMENTS = YES;
				CLANG_WARN_EMPTY_BODY = YES;
				CLANG_WARN_ENUM_CONVERSION = YES;
				CLANG_WARN_INFINITE_RECURSION = YES;
				CLANG_WARN_INT_CONVERSION = YES;
				CLANG_WARN_OBJC_ROOT_CLASS = YES_ERROR;
				CLANG_WARN_SUSPICIOUS_MOVE = YES;
				CLANG_WARN_UNREACHABLE_CODE = YES;
				CLANG_WARN__DUPLICATE_METHOD_MATCH = YES;
				"CODE_SIGN_IDENTITY[sdk=iphoneos*]" = "iPhone Developer";
				COPY_PHASE_STRIP = NO;
				DEBUG_INFORMATION_FORMAT = dwarf;
				ENABLE_STRICT_OBJC_MSGSEND = YES;
				ENABLE_TESTABILITY = YES;
				GCC_C_LANGUAGE_STANDARD = gnu99;
				GCC_DYNAMIC_NO_PIC = NO;
				GCC_NO_COMMON_BLOCKS = YES;
				GCC_OPTIMIZATION_LEVEL = 0;
				GCC_PREPROCESSOR_DEFINITIONS = (
					"DEBUG=1",
					"$(inherited)",
				);
				GCC_WARN_64_TO_32_BIT_CONVERSION = YES;
				GCC_WARN_ABOUT_RETURN_TYPE = YES_ERROR;
				GCC_WARN_UNDECLARED_SELECTOR = YES;
				GCC_WARN_UNINITIALIZED_AUTOS = YES_AGGRESSIVE;
				GCC_WARN_UNUSED_FUNCTION = YES;
				GCC_WARN_UNUSED_VARIABLE = YES;
				IPHONEOS_DEPLOYMENT_TARGET = 10.3;
				MTL_ENABLE_DEBUG_INFO = YES;
				ONLY_ACTIVE_ARCH = YES;
				SDKROOT = iphoneos;
				SWIFT_ACTIVE_COMPILATION_CONDITIONS = DEBUG;
				SWIFT_OPTIMIZATION_LEVEL = "-Onone";
				TARGETED_DEVICE_FAMILY = "1,2";
			};
			name = Debug;
		};
		7B9D66501F236CE60027B7A1 /* Release */ = {
			isa = XCBuildConfiguration;
			buildSettings = {
				ALWAYS_SEARCH_USER_PATHS = NO;
				CLANG_ANALYZER_NONNULL = YES;
				CLANG_ANALYZER_NUMBER_OBJECT_CONVERSION = YES_AGGRESSIVE;
				CLANG_CXX_LANGUAGE_STANDARD = "gnu++0x";
				CLANG_CXX_LIBRARY = "libc++";
				CLANG_ENABLE_MODULES = YES;
				CLANG_ENABLE_OBJC_ARC = YES;
				CLANG_WARN_BOOL_CONVERSION = YES;
				CLANG_WARN_CONSTANT_CONVERSION = YES;
				CLANG_WARN_DIRECT_OBJC_ISA_USAGE = YES_ERROR;
				CLANG_WARN_DOCUMENTATION_COMMENTS = YES;
				CLANG_WARN_EMPTY_BODY = YES;
				CLANG_WARN_ENUM_CONVERSION = YES;
				CLANG_WARN_INFINITE_RECURSION = YES;
				CLANG_WARN_INT_CONVERSION = YES;
				CLANG_WARN_OBJC_ROOT_CLASS = YES_ERROR;
				CLANG_WARN_SUSPICIOUS_MOVE = YES;
				CLANG_WARN_UNREACHABLE_CODE = YES;
				CLANG_WARN__DUPLICATE_METHOD_MATCH = YES;
				"CODE_SIGN_IDENTITY[sdk=iphoneos*]" = "iPhone Developer";
				COPY_PHASE_STRIP = NO;
				DEBUG_INFORMATION_FORMAT = "dwarf-with-dsym";
				ENABLE_NS_ASSERTIONS = NO;
				ENABLE_STRICT_OBJC_MSGSEND = YES;
				GCC_C_LANGUAGE_STANDARD = gnu99;
				GCC_NO_COMMON_BLOCKS = YES;
				GCC_WARN_64_TO_32_BIT_CONVERSION = YES;
				GCC_WARN_ABOUT_RETURN_TYPE = YES_ERROR;
				GCC_WARN_UNDECLARED_SELECTOR = YES;
				GCC_WARN_UNINITIALIZED_AUTOS = YES_AGGRESSIVE;
				GCC_WARN_UNUSED_FUNCTION = YES;
				GCC_WARN_UNUSED_VARIABLE = YES;
				IPHONEOS_DEPLOYMENT_TARGET = 10.3;
				MTL_ENABLE_DEBUG_INFO = NO;
				SDKROOT = iphoneos;
				SWIFT_OPTIMIZATION_LEVEL = "-Owholemodule";
				TARGETED_DEVICE_FAMILY = "1,2";
				VALIDATE_PRODUCT = YES;
			};
			name = Release;
		};
		7B9D66521F236CE60027B7A1 /* Debug */ = {
			isa = XCBuildConfiguration;
			buildSettings = {
				ASSETCATALOG_COMPILER_APPICON_NAME = AppIcon;
				DEVELOPMENT_TEAM = 6ZL797GF7H;
				INFOPLIST_FILE = Hangman/Info.plist;
				LD_RUNPATH_SEARCH_PATHS = "$(inherited) @executable_path/Frameworks";
				PRODUCT_BUNDLE_IDENTIFIER = com.danielhjartstrom.Hangman;
				PRODUCT_NAME = "$(TARGET_NAME)";
				SWIFT_VERSION = 3.0;
			};
			name = Debug;
		};
		7B9D66531F236CE60027B7A1 /* Release */ = {
			isa = XCBuildConfiguration;
			buildSettings = {
				ASSETCATALOG_COMPILER_APPICON_NAME = AppIcon;
				DEVELOPMENT_TEAM = 6ZL797GF7H;
				INFOPLIST_FILE = Hangman/Info.plist;
				LD_RUNPATH_SEARCH_PATHS = "$(inherited) @executable_path/Frameworks";
				PRODUCT_BUNDLE_IDENTIFIER = com.danielhjartstrom.Hangman;
				PRODUCT_NAME = "$(TARGET_NAME)";
				SWIFT_VERSION = 3.0;
			};
			name = Release;
		};
		7B9D66551F236CE60027B7A1 /* Debug */ = {
			isa = XCBuildConfiguration;
			buildSettings = {
				ALWAYS_EMBED_SWIFT_STANDARD_LIBRARIES = YES;
				BUNDLE_LOADER = "$(TEST_HOST)";
				DEVELOPMENT_TEAM = 6ZL797GF7H;
				INFOPLIST_FILE = HangmanTests/Info.plist;
				LD_RUNPATH_SEARCH_PATHS = "$(inherited) @executable_path/Frameworks @loader_path/Frameworks";
				PRODUCT_BUNDLE_IDENTIFIER = com.danielhjartstrom.HangmanTests;
				PRODUCT_NAME = "$(TARGET_NAME)";
				SWIFT_VERSION = 3.0;
				TEST_HOST = "$(BUILT_PRODUCTS_DIR)/Hangman.app/Hangman";
			};
			name = Debug;
		};
		7B9D66561F236CE60027B7A1 /* Release */ = {
			isa = XCBuildConfiguration;
			buildSettings = {
				ALWAYS_EMBED_SWIFT_STANDARD_LIBRARIES = YES;
				BUNDLE_LOADER = "$(TEST_HOST)";
				DEVELOPMENT_TEAM = 6ZL797GF7H;
				INFOPLIST_FILE = HangmanTests/Info.plist;
				LD_RUNPATH_SEARCH_PATHS = "$(inherited) @executable_path/Frameworks @loader_path/Frameworks";
				PRODUCT_BUNDLE_IDENTIFIER = com.danielhjartstrom.HangmanTests;
				PRODUCT_NAME = "$(TARGET_NAME)";
				SWIFT_VERSION = 3.0;
				TEST_HOST = "$(BUILT_PRODUCTS_DIR)/Hangman.app/Hangman";
			};
			name = Release;
		};
		7B9D66581F236CE60027B7A1 /* Debug */ = {
			isa = XCBuildConfiguration;
			buildSettings = {
				ALWAYS_EMBED_SWIFT_STANDARD_LIBRARIES = YES;
				DEVELOPMENT_TEAM = 6ZL797GF7H;
				INFOPLIST_FILE = HangmanUITests/Info.plist;
				LD_RUNPATH_SEARCH_PATHS = "$(inherited) @executable_path/Frameworks @loader_path/Frameworks";
				PRODUCT_BUNDLE_IDENTIFIER = com.danielhjartstrom.HangmanUITests;
				PRODUCT_NAME = "$(TARGET_NAME)";
				SWIFT_VERSION = 3.0;
				TEST_TARGET_NAME = Hangman;
			};
			name = Debug;
		};
		7B9D66591F236CE60027B7A1 /* Release */ = {
			isa = XCBuildConfiguration;
			buildSettings = {
				ALWAYS_EMBED_SWIFT_STANDARD_LIBRARIES = YES;
				DEVELOPMENT_TEAM = 6ZL797GF7H;
				INFOPLIST_FILE = HangmanUITests/Info.plist;
				LD_RUNPATH_SEARCH_PATHS = "$(inherited) @executable_path/Frameworks @loader_path/Frameworks";
				PRODUCT_BUNDLE_IDENTIFIER = com.danielhjartstrom.HangmanUITests;
				PRODUCT_NAME = "$(TARGET_NAME)";
				SWIFT_VERSION = 3.0;
				TEST_TARGET_NAME = Hangman;
			};
			name = Release;
		};
/* End XCBuildConfiguration section */

/* Begin XCConfigurationList section */
		7B9D66241F236CE50027B7A1 /* Build configuration list for PBXProject "Hangman" */ = {
			isa = XCConfigurationList;
			buildConfigurations = (
				7B9D664F1F236CE60027B7A1 /* Debug */,
				7B9D66501F236CE60027B7A1 /* Release */,
			);
			defaultConfigurationIsVisible = 0;
			defaultConfigurationName = Release;
		};
		7B9D66511F236CE60027B7A1 /* Build configuration list for PBXNativeTarget "Hangman" */ = {
			isa = XCConfigurationList;
			buildConfigurations = (
				7B9D66521F236CE60027B7A1 /* Debug */,
				7B9D66531F236CE60027B7A1 /* Release */,
			);
			defaultConfigurationIsVisible = 0;
			defaultConfigurationName = Release;
		};
		7B9D66541F236CE60027B7A1 /* Build configuration list for PBXNativeTarget "HangmanTests" */ = {
			isa = XCConfigurationList;
			buildConfigurations = (
				7B9D66551F236CE60027B7A1 /* Debug */,
				7B9D66561F236CE60027B7A1 /* Release */,
			);
			defaultConfigurationIsVisible = 0;
			defaultConfigurationName = Release;
		};
		7B9D66571F236CE60027B7A1 /* Build configuration list for PBXNativeTarget "HangmanUITests" */ = {
			isa = XCConfigurationList;
			buildConfigurations = (
				7B9D66581F236CE60027B7A1 /* Debug */,
				7B9D66591F236CE60027B7A1 /* Release */,
			);
			defaultConfigurationIsVisible = 0;
			defaultConfigurationName = Release;
		};
/* End XCConfigurationList section */
	};
	rootObject = 7B9D66211F236CE50027B7A1 /* Project object */;
}
